{
  "nodes": {
    "alacritty-theme": {
      "inputs": {
        "alacritty-theme": "alacritty-theme_2",
        "flake-parts": "flake-parts",
        "nixpkgs": "nixpkgs"
      },
      "locked": {
        "lastModified": 1782472332,
        "narHash": "sha256-KoJd924mPMPODzlL5IB1wyXd2qYRwNiry6Mwzge/ccc=",
        "owner": "alexghr",
        "repo": "alacritty-theme.nix",
        "rev": "9951cb11e769479c633e61056710b5bfa29885df",
        "type": "github"
      },
      "original": {
        "owner": "alexghr",
        "repo": "alacritty-theme.nix",
        "type": "github"
      }
    },
    "alacritty-theme_2": {
      "flake": false,
      "locked": {
        "lastModified": 1781303280,
        "narHash": "sha256-jXL0UCLoqiXwihko6F+o247FX4UNFFCOoiA4pZuL/v0=",
        "owner": "alacritty",
        "repo": "alacritty-theme",
        "rev": "659d2e1d669cd5722f11e58c44fd45dc26a6ffcd",
        "type": "github"
      },
      "original": {
        "owner": "alacritty",
        "repo": "alacritty-theme",
        "type": "github"
      }
    },
    "emacs-overlay": {
      "inputs": {
        "nixpkgs": [
          "nixpkgs"
        ],
        "nixpkgs-stable": "nixpkgs-stable"
      },
      "locked": {
        "lastModified": 1782557170,
        "narHash": "sha256-9E7D3SRCOkdFcPJMyNrgR8AhymNLYdhjmp6r6IE9BFw=",
        "owner": "nix-community",
        "repo": "emacs-overlay",
        "rev": "9f9cc155c00a8cfd5680dabf408816eaad4851d7",
        "type": "github"
      },
      "original": {
        "owner": "nix-community",
        "repo": "emacs-overlay",
        "type": "github"
      }
    },
    "firefox-addons": {
      "inputs": {
        "nixpkgs": [
          "nixpkgs"
        ]
      },
      "locked": {
        "dir": "pkgs/firefox-addons",
        "lastModified": 1782532968,
        "narHash": "sha256-nRE0OA58F9UtlZkAzfggrLfTcXhqvP89pE5CCIgujBk=",
        "owner": "rycee",
        "repo": "nur-expressions",
        "rev": "06aa41fb8e537b83fab322ff2c9444ecc5bbe720",
        "type": "gitlab"
      },
      "original": {
        "dir": "pkgs/firefox-addons",
        "owner": "rycee",
        "repo": "nur-expressions",
        "type": "gitlab"
      }
    },
    "flake-parts": {
      "inputs": {
        "nixpkgs-lib": "nixpkgs-lib"
      },
      "locked": {
        "lastModified": 1743550720,
        "narHash": "sha256-hIshGgKZCgWh6AYJpJmRgFdR3WUbkY04o82X05xqQiY=",
        "owner": "hercules-ci",
        "repo": "flake-parts",
        "rev": "c621e8422220273271f52058f618c94e405bb0f5",
        "type": "github"
      },
      "original": {
        "owner": "hercules-ci",
        "repo": "flake-parts",
        "type": "github"
      }
    },
    "flake-utils": {
      "inputs": {
        "systems": "systems"
      },
      "locked": {
        "lastModified": 1694529238,
        "narHash": "sha256-zsNZZGTGnMOf9YpHKJqMSsa0dXbfmxeoJ7xHlrt+xmY=",
        "owner": "numtide",
        "repo": "flake-utils",
        "rev": "ff7b65b44d01cf9ba6a71320833626af21126384",
        "type": "github"
      },
      "original": {
        "owner": "numtide",
        "repo": "flake-utils",
        "type": "github"
      }
    },
    "home-manager": {
      "inputs": {
        "nixpkgs": [
          "nixpkgs"
        ]
      },
      "locked": {
        "lastModified": 1782522538,
        "narHash": "sha256-CvOaUvJ+mXlxU3m2cPWKcOAhtKETsPUYhq+Xa5ewBp4=",
        "owner": "nix-community",
        "repo": "home-manager",
        "rev": "8d8a6cc50ddc60748791a14ee1163c865ec57635",
        "type": "github"
      },
      "original": {
        "owner": "nix-community",
        "repo": "home-manager",
        "type": "github"
      }
    },
    "home-manager_2": {
      "inputs": {
        "nixpkgs": [
          "zen-browser",
          "nixpkgs"
        ]
      },
      "locked": {
        "lastModified": 1781497404,
        "narHash": "sha256-9GAF8sSsnkyCVCWkomXR0T+zdSxyUlfPt6neQidimdg=",
        "owner": "nix-community",
        "repo": "home-manager",
        "rev": "1285cd3d6882a9847f2d56ed5541b3350c8a6162",
        "type": "github"
      },
      "original": {
        "owner": "nix-community",
        "repo": "home-manager",
        "type": "github"
      }
    },
    "nix-flatpak": {
      "locked": {
        "lastModified": 1780908363,
        "narHash": "sha256-llGS4y3Qh1eUkli3/Y2VY9FV3GOUKFZR1E2BDftt45Q=",
        "owner": "gmodena",
        "repo": "nix-flatpak",
        "rev": "1df08625f0f8c7d6e300a0e5df7955bbb877d809",
        "type": "github"
      },
      "original": {
        "owner": "gmodena",
        "repo": "nix-flatpak",
        "type": "github"
      }
    },
    "nixos-hardware": {
      "inputs": {
        "nixpkgs": "nixpkgs_2"
      },
      "locked": {
        "lastModified": 1782562157,
        "narHash": "sha256-a7+T6QSeowynwZ1ZJJbP8T8ntAytvrui8kFGJmIZt2c=",
        "owner": "nixos",
        "repo": "nixos-hardware",
        "rev": "a9cf7546a938c737b079e738de73934a13de9784",
        "type": "github"
      },
      "original": {
        "owner": "nixos",
        "ref": "master",
        "repo": "nixos-hardware",
        "type": "github"
      }
    },
    "nixpkgs": {
      "locked": {
        "lastModified": 1744463964,
        "narHash": "sha256-LWqduOgLHCFxiTNYi3Uj5Lgz0SR+Xhw3kr/3Xd0GPTM=",
        "owner": "NixOS",
        "repo": "nixpkgs",
        "rev": "2631b0b7abcea6e640ce31cd78ea58910d31e650",
        "type": "github"
      },
      "original": {
        "owner": "NixOS",
        "ref": "nixos-unstable",
        "repo": "nixpkgs",
        "type": "github"
      }
    },
    "nixpkgs-lib": {
      "locked": {
        "lastModified": 1743296961,
        "narHash": "sha256-b1EdN3cULCqtorQ4QeWgLMrd5ZGOjLSLemfa00heasc=",
        "owner": "nix-community",
        "repo": "nixpkgs.lib",
        "rev": "e4822aea2a6d1cdd36653c134cacfd64c97ff4fa",
        "type": "github"
      },
      "original": {
        "owner": "nix-community",
        "repo": "nixpkgs.lib",
        "type": "github"
      }
    },
    "nixpkgs-stable": {
      "locked": {
        "lastModified": 1782375420,
        "narHash": "sha256-wiPYmEuHbJvleW489n6+lamL7JSJg3pcKUYwURU9CkI=",
        "owner": "NixOS",
        "repo": "nixpkgs",
        "rev": "4062d36ebeae843c750011eef6b61ec9a9dbc9a9",
        "type": "github"
      },
      "original": {
        "owner": "NixOS",
        "ref": "nixos-26.05",
        "repo": "nixpkgs",
        "type": "github"
      }
    },
    "nixpkgs_2": {
      "locked": {
        "lastModified": 1767892417,
        "narHash": "sha256-8bW3q88CEg2u4hSP66Vf4lpbLonHz7hqDNBMcCY7E9U=",
        "rev": "3497aa5c9457a9d88d71fa93a4a8368816fbeeba",
        "type": "tarball",
        "url": "https://releases.nixos.org/nixos/unstable/nixos-26.05pre924538.3497aa5c9457/nixexprs.tar.xz"
      },
      "original": {
        "type": "tarball",
        "url": "https://channels.nixos.org/nixos-unstable/nixexprs.tar.xz"
      }
    },
    "nixpkgs_3": {
      "locked": {
        "lastModified": 1782467914,
        "narHash": "sha256-pGvFkM8N0xEkIIXDe5YYfbEAvHrk4IxBrjB/x8OomhE=",
        "owner": "nixos",
        "repo": "nixpkgs",
        "rev": "e73de5be04e0eff4190a1432b946d469c794e7b4",
        "type": "github"
      },
      "original": {
        "owner": "nixos",
        "ref": "nixos-unstable",
        "repo": "nixpkgs",
        "type": "github"
      }
    },
    "root": {
      "inputs": {
        "alacritty-theme": "alacritty-theme",
        "emacs-overlay": "emacs-overlay",
        "firefox-addons": "firefox-addons",
        "home-manager": "home-manager",
        "nix-flatpak": "nix-flatpak",
        "nixos-hardware": "nixos-hardware",
        "nixpkgs": "nixpkgs_3",
        "utils": "utils",
        "zen-browser": "zen-browser"
      }
    },
    "systems": {
      "locked": {
        "lastModified": 1681028828,
        "narHash": "sha256-Vy1rq5AaRuLzOxct8nz4T6wlgyUR7zLU309k9mBC768=",
        "owner": "nix-systems",
        "repo": "default",
        "rev": "da67096a3b9bf56a91d16901293e51ba5b49a27e",
        "type": "github"
      },
      "original": {
        "owner": "nix-systems",
        "repo": "default",
        "type": "github"
      }
    },
    "utils": {
      "inputs": {
        "flake-utils": "flake-utils"
      },
      "locked": {
        "lastModified": 1779563444,
        "narHash": "sha256-+rEagECcF6BhWfLs8VCkPqsBuxxSSIRxMlgjXj6G8UQ=",
        "owner": "gytis-ivaskevicius",
        "repo": "flake-utils-plus",
        "rev": "a00f6f51907b5c74d2fde086b10b19d446d15717",
        "type": "github"
      },
      "original": {
        "owner": "gytis-ivaskevicius",
        "repo": "flake-utils-plus",
        "type": "github"
      }
    },
    "zen-browser": {
      "inputs": {
        "home-manager": "home-manager_2",
        "nixpkgs": [
          "nixpkgs"
        ]
      },
      "locked": {
        "lastModified": 1782554936,
        "narHash": "sha256-tH3MNTu/o2xzYXnRYsl9/Q5k6mjIrcqWZ+qbqzdN2L8=",
        "owner": "0xc000022070",
        "repo": "zen-browser-flake",
        "rev": "b3df24cd84ddecf5f13c48be9bdd99cf3bc7e1dc",
        "type": "github"
      },
      "original": {
        "owner": "0xc000022070",
        "repo": "zen-browser-flake",
        "type": "github"
      }
    }
  },
  "root": "root",
  "version": 7
}
